
Microsoft Visual Studio Solution File, Format Version 12.00
# Visual Studio Version 17
VisualStudioVersion = 17.6.33723.286
MinimumVisualStudioVersion = 10.0.40219.1
Project("{FAE04EC0-301F-11D3-BF4B-00C04F79EFBC}") = "MyMediaPlayer", "MyMediaPlayer\MyMediaPlayer.csproj", "{7F6EA596-0C58-41C7-8193-3A996F6BFC88}"
EndProject
Global
	GlobalSection(SolutionConfigurationPlatforms) = preSolution
		Debug|Any CPU = Debug|Any CPU
		Release|Any CPU = Release|Any CPU
	EndGlobalSection
	GlobalSection(ProjectConfigurationPlatforms) = postSolution
		{7F6EA596-0C58-41C7-8193-3A996F6BFC88}.Debug|Any CPU.ActiveCfg = Debug|Any CPU
		{7F6EA596-0C58-41C7-8193-3A996F6BFC88}.Debug|Any CPU.Build.0 = Debug|Any CPU
		{7F6EA596-0C58-41C7-8193-3A996F6BFC88}.Release|Any CPU.ActiveCfg = Release|Any CPU
		{7F6EA596-0C58-41C7-8193-3A996F6BFC88}.Release|Any CPU.Build.0 = Release|Any CPU
	EndGlobalSection
	GlobalSection(SolutionProperties) = preSolution
		HideSolutionNode = FALSE
	EndGlobalSection
	GlobalSection(ExtensibilityGlobals) = postSolution
		SolutionGuid = {97505586-1C33-4E72-9FC6-6B12ED989D65}
	EndGlobalSection
EndGlobal
